<Solution>
    <Folder Name="/src/">
        <Project Path="src/Dali/Dali.csproj" />
        <Project Path="src/Dali.EntityFrameworkCore/Dali.EntityFrameworkCore.csproj" />
        <Project Path="src/Dali.SourceGenerators/Dali.SourceGenerators.csproj" />
        <Project Path="src/WolverineFx.Dali/WolverineFx.Dali.csproj" />
    </Folder>
    <Folder Name="/tests/">
        <Project Path="tests/Dali.Tests/Dali.Tests.csproj" />
    </Folder>
    <Folder Name="/samples/">
        <Project Path="samples/CryptoTrader/CryptoTrader.csproj" />
    </Folder>
</Solution>
