<Solution>
  <Project Path="Dali.WolverineFx/Dali.WolverineFx.csproj" />
  <Project Path="AeroDB/AeroDB.csproj" />
  <Project Path="Dali.AspNetIdentity/Dali.AspNetIdentity.csproj" />
  <Project Path="Dali.EntityFrameworkCore\Dali.EntityFrameworkCore.csproj" />
  <Project Path="Dali.Snowflake/Dali.Snowflake.csproj" />
  <Project Path="Dali.SourceGenerators\Dali.SourceGenerators.csproj" />
  <Project Path="Dali.Reactive\Dali.Reactive.csproj" />
  <Folder Name="/Samples/">
    <Project Path="..\samples\CryptoTrader\CryptoTrader.csproj" />
  </Folder>
  <Folder Name="/Tests/">
    <Project Path="../tests/AeroDB.IntegrationTests/AeroDB.IntegrationTests.csproj" />
    <Project Path="../tests/AeroDB.AspNetIdentity.Tests/AeroDB.AspNetIdentity.Tests.csproj" />
    <Project Path="../tests/AeroDB.Tests/AeroDB.Tests.csproj" />
  </Folder>
  <Folder Name="/__Misc__/">
    <File Path="../.gitignore" />
    <File Path="../AGENTS.md" />
    <File Path="../build/nuget-pack.ps1" />
    <File Path="../build/nuget-publish.ps1" />
    <File Path="../CONTRIBUTING.md" />
    <File Path="../global.json" />
    <File Path="../LICENSE" />
    <File Path="../NOTICE" />
    <File Path="../opencode.http" />
    <File Path="../push.ps1" />
    <File Path="../README.md" />
    <File Path=".editorconfig" />
    <File Path="clean.cs" />
    <File Path="Directory.Build.props" />
    <File Path="Directory.Packages.props" />
    <File Path="global.json" />
    <File Path="submod.cs" />
    <File Path="upgrade.cs" />
  </Folder>
</Solution>
